Microsoft Visual Studio Solution File, Format Version 12.00
# Visual Studio Version 16
VisualStudioVersion = 16.0.30503.244
MinimumVisualStudioVersion = 10.0.40219.1
Project("{FAE04EC0-301F-11D3-BF4B-00C04F79EFBC}") = "Shoppify", "Shoppify\Shoppify.csproj", "{EEEB285B-8553-4FD9-90E4-562B8719AF99}"
EndProject
Global
	GlobalSection(SolutionConfigurationPlatforms) = preSolution
		Debug|Any CPU = Debug|Any CPU
		Release|Any CPU = Release|Any CPU
	EndGlobalSection
	GlobalSection(ProjectConfigurationPlatforms) = postSolution
		{EEEB285B-8553-4FD9-90E4-562B8719AF99}.Debug|Any CPU.ActiveCfg = Debug|Any CPU
		{EEEB285B-8553-4FD9-90E4-562B8719AF99}.Debug|Any CPU.Build.0 = Debug|Any CPU
		{EEEB285B-8553-4FD9-90E4-562B8719AF99}.Release|Any CPU.ActiveCfg = Release|Any CPU
		{EEEB285B-8553-4FD9-90E4-562B8719AF99}.Release|Any CPU.Build.0 = Release|Any CPU
	EndGlobalSection
	GlobalSection(SolutionProperties) = preSolution
		HideSolutionNode = FALSE
	EndGlobalSection
	GlobalSection(ExtensibilityGlobals) = postSolution
		SolutionGuid = {0ADA98BA-FC87-4780-B724-9CE11E2DC80F}
	EndGlobalSection
EndGlobal
